
Microsoft Visual Studio Solution File, Format Version 12.00
# Visual Studio Version 17
VisualStudioVersion = 17.7.34221.43
MinimumVisualStudioVersion = 10.0.40219.1
Project("{9A19103F-16F7-4668-BE54-9A1E7A4F7556}") = "MindfulLens WebApp", "MindfulLens WebApp\MindfulLens WebApp.csproj", "{84D10587-36B0-4FEB-8EAD-8D88CBC78BBA}"
EndProject
Project("{9A19103F-16F7-4668-BE54-9A1E7A4F7556}") = "MindfulLens DesktopApp", "MindfulLens DesktopApp\MindfulLens DesktopApp.csproj", "{5B2C8E92-A7DF-448A-BC4B-F44448FDCF66}"
EndProject
Project("{9A19103F-16F7-4668-BE54-9A1E7A4F7556}") = "Data Infrastructure", "Data Infrastructure\Data Infrastructure.csproj", "{1CF07CA1-22D8-4109-BA64-9DE0D46C4DAA}"
EndProject
Project("{9A19103F-16F7-4668-BE54-9A1E7A4F7556}") = "Logic Layer", "Logic Layer\Logic Layer.csproj", "{F3CB72C7-7FF5-404C-937F-0AC84261353F}"
EndProject
Project("{9A19103F-16F7-4668-BE54-9A1E7A4F7556}") = "Unit tests", "Unit tests\Unit tests.csproj", "{809BD06D-9037-42E0-AF24-4F16B8CA3556}"
EndProject
Global
	GlobalSection(SolutionConfigurationPlatforms) = preSolution
		Debug|Any CPU = Debug|Any CPU
		Release|Any CPU = Release|Any CPU
	EndGlobalSection
	GlobalSection(ProjectConfigurationPlatforms) = postSolution
		{84D10587-36B0-4FEB-8EAD-8D88CBC78BBA}.Debug|Any CPU.ActiveCfg = Debug|Any CPU
		{84D10587-36B0-4FEB-8EAD-8D88CBC78BBA}.Debug|Any CPU.Build.0 = Debug|Any CPU
		{84D10587-36B0-4FEB-8EAD-8D88CBC78BBA}.Release|Any CPU.ActiveCfg = Release|Any CPU
		{84D10587-36B0-4FEB-8EAD-8D88CBC78BBA}.Release|Any CPU.Build.0 = Release|Any CPU
		{5B2C8E92-A7DF-448A-BC4B-F44448FDCF66}.Debug|Any CPU.ActiveCfg = Debug|Any CPU
		{5B2C8E92-A7DF-448A-BC4B-F44448FDCF66}.Debug|Any CPU.Build.0 = Debug|Any CPU
		{5B2C8E92-A7DF-448A-BC4B-F44448FDCF66}.Release|Any CPU.ActiveCfg = Release|Any CPU
		{5B2C8E92-A7DF-448A-BC4B-F44448FDCF66}.Release|Any CPU.Build.0 = Release|Any CPU
		{1CF07CA1-22D8-4109-BA64-9DE0D46C4DAA}.Debug|Any CPU.ActiveCfg = Debug|Any CPU
		{1CF07CA1-22D8-4109-BA64-9DE0D46C4DAA}.Debug|Any CPU.Build.0 = Debug|Any CPU
		{1CF07CA1-22D8-4109-BA64-9DE0D46C4DAA}.Release|Any CPU.ActiveCfg = Release|Any CPU
		{1CF07CA1-22D8-4109-BA64-9DE0D46C4DAA}.Release|Any CPU.Build.0 = Release|Any CPU
		{F3CB72C7-7FF5-404C-937F-0AC84261353F}.Debug|Any CPU.ActiveCfg = Debug|Any CPU
		{F3CB72C7-7FF5-404C-937F-0AC84261353F}.Debug|Any CPU.Build.0 = Debug|Any CPU
		{F3CB72C7-7FF5-404C-937F-0AC84261353F}.Release|Any CPU.ActiveCfg = Release|Any CPU
		{F3CB72C7-7FF5-404C-937F-0AC84261353F}.Release|Any CPU.Build.0 = Release|Any CPU
		{809BD06D-9037-42E0-AF24-4F16B8CA3556}.Debug|Any CPU.ActiveCfg = Debug|Any CPU
		{809BD06D-9037-42E0-AF24-4F16B8CA3556}.Debug|Any CPU.Build.0 = Debug|Any CPU
		{809BD06D-9037-42E0-AF24-4F16B8CA3556}.Release|Any CPU.ActiveCfg = Release|Any CPU
		{809BD06D-9037-42E0-AF24-4F16B8CA3556}.Release|Any CPU.Build.0 = Release|Any CPU
	EndGlobalSection
	GlobalSection(SolutionProperties) = preSolution
		HideSolutionNode = FALSE
	EndGlobalSection
	GlobalSection(ExtensibilityGlobals) = postSolution
		SolutionGuid = {954FFC23-6561-4710-AE15-FC70DBFFCE1D}
	EndGlobalSection
EndGlobal
